
Microsoft Visual Studio Solution File, Format Version 12.00
# Visual Studio Version 17
VisualStudioVersion = 17.13.35919.96 d17.13
MinimumVisualStudioVersion = 10.0.40219.1
Project("{FAE04EC0-301F-11D3-BF4B-00C04F79EFBC}") = "PersonCompareDashboard", "CompareBD\PersonCompareDashboard.csproj", "{BBACCD3B-909D-2B32-6D02-F23FE170F0FD}"
EndProject
Global
	GlobalSection(SolutionConfigurationPlatforms) = preSolution
		Debug|Any CPU = Debug|Any CPU
		Release|Any CPU = Release|Any CPU
	EndGlobalSection
	GlobalSection(ProjectConfigurationPlatforms) = postSolution
		{BBACCD3B-909D-2B32-6D02-F23FE170F0FD}.Debug|Any CPU.ActiveCfg = Debug|Any CPU
		{BBACCD3B-909D-2B32-6D02-F23FE170F0FD}.Debug|Any CPU.Build.0 = Debug|Any CPU
		{BBACCD3B-909D-2B32-6D02-F23FE170F0FD}.Release|Any CPU.ActiveCfg = Release|Any CPU
		{BBACCD3B-909D-2B32-6D02-F23FE170F0FD}.Release|Any CPU.Build.0 = Release|Any CPU
	EndGlobalSection
	GlobalSection(SolutionProperties) = preSolution
		HideSolutionNode = FALSE
	EndGlobalSection
	GlobalSection(ExtensibilityGlobals) = postSolution
		SolutionGuid = {5DBD776C-BB6E-45E5-B066-E043F0B34F3D}
	EndGlobalSection
EndGlobal
